
Microsoft Visual Studio Solution File, Format Version 12.00
# Visual Studio Version 18
VisualStudioVersion = 18.1.11312.151 d18.0
MinimumVisualStudioVersion = 10.0.40219.1
Project("{FAE04EC0-301F-11D3-BF4B-00C04F79EFBC}") = "Chess.WinUI", "Chess.WinUI\Chess.WinUI.csproj", "{AFF9A13C-B230-A289-3AF5-42E5F7203DE0}"
EndProject
Project("{FAE04EC0-301F-11D3-BF4B-00C04F79EFBC}") = "Chess.UI.Test", "Chess.WinUI.Test\Chess.UI.Test.csproj", "{E538FBA7-ED89-71DA-B824-4EE0E2984851}"
EndProject
Project("{8BC9CEB8-8B4A-11D0-8D11-00A0C91BC942}") = "Chess.Engine.API", "..\Chess.Engine\build\x64\src\Chess.Engine.API\Chess.Engine.API.vcxproj", "{244E97C8-FF17-3865-B26F-E4930C1516B5}"
EndProject
Project("{8BC9CEB8-8B4A-11D0-8D11-00A0C91BC942}") = "Chess.Engine.Core", "..\Chess.Engine\build\x64\src\Chess.Engine.Core\Chess.Engine.Core.vcxproj", "{20009636-FFE8-3AFA-A0E4-006732FD3244}"
EndProject
Global
	GlobalSection(SolutionConfigurationPlatforms) = preSolution
		Debug|ARM64 = Debug|ARM64
		Debug|x64 = Debug|x64
		Debug|x86 = Debug|x86
		MinSizeRel|ARM64 = MinSizeRel|ARM64
		MinSizeRel|x64 = MinSizeRel|x64
		MinSizeRel|x86 = MinSizeRel|x86
		Release|ARM64 = Release|ARM64
		Release|x64 = Release|x64
		Release|x86 = Release|x86
		RelWithDebInfo|ARM64 = RelWithDebInfo|ARM64
		RelWithDebInfo|x64 = RelWithDebInfo|x64
		RelWithDebInfo|x86 = RelWithDebInfo|x86
	EndGlobalSection
	GlobalSection(ProjectConfigurationPlatforms) = postSolution
		{AFF9A13C-B230-A289-3AF5-42E5F7203DE0}.Debug|ARM64.ActiveCfg = Debug|ARM64
		{AFF9A13C-B230-A289-3AF5-42E5F7203DE0}.Debug|ARM64.Build.0 = Debug|ARM64
		{AFF9A13C-B230-A289-3AF5-42E5F7203DE0}.Debug|ARM64.Deploy.0 = Debug|ARM64
		{AFF9A13C-B230-A289-3AF5-42E5F7203DE0}.Debug|x64.ActiveCfg = Debug|x64
		{AFF9A13C-B230-A289-3AF5-42E5F7203DE0}.Debug|x64.Build.0 = Debug|x64
		{AFF9A13C-B230-A289-3AF5-42E5F7203DE0}.Debug|x64.Deploy.0 = Debug|x64
		{AFF9A13C-B230-A289-3AF5-42E5F7203DE0}.Debug|x86.ActiveCfg = Debug|x86
		{AFF9A13C-B230-A289-3AF5-42E5F7203DE0}.Debug|x86.Build.0 = Debug|x86
		{AFF9A13C-B230-A289-3AF5-42E5F7203DE0}.Debug|x86.Deploy.0 = Debug|x86
		{AFF9A13C-B230-A289-3AF5-42E5F7203DE0}.MinSizeRel|ARM64.ActiveCfg = Release|ARM64
		{AFF9A13C-B230-A289-3AF5-42E5F7203DE0}.MinSizeRel|ARM64.Build.0 = Release|ARM64
		{AFF9A13C-B230-A289-3AF5-42E5F7203DE0}.MinSizeRel|ARM64.Deploy.0 = Release|ARM64
		{AFF9A13C-B230-A289-3AF5-42E5F7203DE0}.MinSizeRel|x64.ActiveCfg = Release|x64
		{AFF9A13C-B230-A289-3AF5-42E5F7203DE0}.MinSizeRel|x64.Build.0 = Release|x64
		{AFF9A13C-B230-A289-3AF5-42E5F7203DE0}.MinSizeRel|x64.Deploy.0 = Release|x64
		{AFF9A13C-B230-A289-3AF5-42E5F7203DE0}.MinSizeRel|x86.ActiveCfg = Release|x86
		{AFF9A13C-B230-A289-3AF5-42E5F7203DE0}.MinSizeRel|x86.Build.0 = Release|x86
		{AFF9A13C-B230-A289-3AF5-42E5F7203DE0}.MinSizeRel|x86.Deploy.0 = Release|x86
		{AFF9A13C-B230-A289-3AF5-42E5F7203DE0}.Release|ARM64.ActiveCfg = Release|ARM64
		{AFF9A13C-B230-A289-3AF5-42E5F7203DE0}.Release|ARM64.Build.0 = Release|ARM64
		{AFF9A13C-B230-A289-3AF5-42E5F7203DE0}.Release|ARM64.Deploy.0 = Release|ARM64
		{AFF9A13C-B230-A289-3AF5-42E5F7203DE0}.Release|x64.ActiveCfg = Release|x64
		{AFF9A13C-B230-A289-3AF5-42E5F7203DE0}.Release|x64.Build.0 = Release|x64
		{AFF9A13C-B230-A289-3AF5-42E5F7203DE0}.Release|x64.Deploy.0 = Release|x64
		{AFF9A13C-B230-A289-3AF5-42E5F7203DE0}.Release|x86.ActiveCfg = Release|x86
		{AFF9A13C-B230-A289-3AF5-42E5F7203DE0}.Release|x86.Build.0 = Release|x86
		{AFF9A13C-B230-A289-3AF5-42E5F7203DE0}.Release|x86.Deploy.0 = Release|x86
		{AFF9A13C-B230-A289-3AF5-42E5F7203DE0}.RelWithDebInfo|ARM64.ActiveCfg = Debug|ARM64
		{AFF9A13C-B230-A289-3AF5-42E5F7203DE0}.RelWithDebInfo|ARM64.Build.0 = Debug|ARM64
		{AFF9A13C-B230-A289-3AF5-42E5F7203DE0}.RelWithDebInfo|ARM64.Deploy.0 = Debug|ARM64
		{AFF9A13C-B230-A289-3AF5-42E5F7203DE0}.RelWithDebInfo|x64.ActiveCfg = Debug|x64
		{AFF9A13C-B230-A289-3AF5-42E5F7203DE0}.RelWithDebInfo|x64.Build.0 = Debug|x64
		{AFF9A13C-B230-A289-3AF5-42E5F7203DE0}.RelWithDebInfo|x64.Deploy.0 = Debug|x64
		{AFF9A13C-B230-A289-3AF5-42E5F7203DE0}.RelWithDebInfo|x86.ActiveCfg = Debug|x86
		{AFF9A13C-B230-A289-3AF5-42E5F7203DE0}.RelWithDebInfo|x86.Build.0 = Debug|x86
		{AFF9A13C-B230-A289-3AF5-42E5F7203DE0}.RelWithDebInfo|x86.Deploy.0 = Debug|x86
		{E538FBA7-ED89-71DA-B824-4EE0E2984851}.Debug|ARM64.ActiveCfg = Debug|Any CPU
		{E538FBA7-ED89-71DA-B824-4EE0E2984851}.Debug|ARM64.Build.0 = Debug|Any CPU
		{E538FBA7-ED89-71DA-B824-4EE0E2984851}.Debug|x64.ActiveCfg = Debug|x64
		{E538FBA7-ED89-71DA-B824-4EE0E2984851}.Debug|x64.Build.0 = Debug|x64
		{E538FBA7-ED89-71DA-B824-4EE0E2984851}.Debug|x86.ActiveCfg = Debug|Any CPU
		{E538FBA7-ED89-71DA-B824-4EE0E2984851}.Debug|x86.Build.0 = Debug|Any CPU
		{E538FBA7-ED89-71DA-B824-4EE0E2984851}.MinSizeRel|ARM64.ActiveCfg = Release|Any CPU
		{E538FBA7-ED89-71DA-B824-4EE0E2984851}.MinSizeRel|ARM64.Build.0 = Release|Any CPU
		{E538FBA7-ED89-71DA-B824-4EE0E2984851}.MinSizeRel|x64.ActiveCfg = Release|x64
		{E538FBA7-ED89-71DA-B824-4EE0E2984851}.MinSizeRel|x64.Build.0 = Release|x64
		{E538FBA7-ED89-71DA-B824-4EE0E2984851}.MinSizeRel|x86.ActiveCfg = Release|Any CPU
		{E538FBA7-ED89-71DA-B824-4EE0E2984851}.MinSizeRel|x86.Build.0 = Release|Any CPU
		{E538FBA7-ED89-71DA-B824-4EE0E2984851}.Release|ARM64.ActiveCfg = Release|Any CPU
		{E538FBA7-ED89-71DA-B824-4EE0E2984851}.Release|ARM64.Build.0 = Release|Any CPU
		{E538FBA7-ED89-71DA-B824-4EE0E2984851}.Release|x64.ActiveCfg = Release|x64
		{E538FBA7-ED89-71DA-B824-4EE0E2984851}.Release|x64.Build.0 = Release|x64
		{E538FBA7-ED89-71DA-B824-4EE0E2984851}.Release|x86.ActiveCfg = Release|Any CPU
		{E538FBA7-ED89-71DA-B824-4EE0E2984851}.Release|x86.Build.0 = Release|Any CPU
		{E538FBA7-ED89-71DA-B824-4EE0E2984851}.RelWithDebInfo|ARM64.ActiveCfg = Debug|Any CPU
		{E538FBA7-ED89-71DA-B824-4EE0E2984851}.RelWithDebInfo|ARM64.Build.0 = Debug|Any CPU
		{E538FBA7-ED89-71DA-B824-4EE0E2984851}.RelWithDebInfo|x64.ActiveCfg = Debug|x64
		{E538FBA7-ED89-71DA-B824-4EE0E2984851}.RelWithDebInfo|x64.Build.0 = Debug|x64
		{E538FBA7-ED89-71DA-B824-4EE0E2984851}.RelWithDebInfo|x86.ActiveCfg = Debug|Any CPU
		{E538FBA7-ED89-71DA-B824-4EE0E2984851}.RelWithDebInfo|x86.Build.0 = Debug|Any CPU
		{244E97C8-FF17-3865-B26F-E4930C1516B5}.Debug|ARM64.ActiveCfg = Debug|x64
		{244E97C8-FF17-3865-B26F-E4930C1516B5}.Debug|ARM64.Build.0 = Debug|x64
		{244E97C8-FF17-3865-B26F-E4930C1516B5}.Debug|x64.ActiveCfg = Debug|x64
		{244E97C8-FF17-3865-B26F-E4930C1516B5}.Debug|x64.Build.0 = Debug|x64
		{244E97C8-FF17-3865-B26F-E4930C1516B5}.Debug|x86.ActiveCfg = Debug|x64
		{244E97C8-FF17-3865-B26F-E4930C1516B5}.Debug|x86.Build.0 = Debug|x64
		{244E97C8-FF17-3865-B26F-E4930C1516B5}.MinSizeRel|ARM64.ActiveCfg = MinSizeRel|x64
		{244E97C8-FF17-3865-B26F-E4930C1516B5}.MinSizeRel|ARM64.Build.0 = MinSizeRel|x64
		{244E97C8-FF17-3865-B26F-E4930C1516B5}.MinSizeRel|x64.ActiveCfg = MinSizeRel|x64
		{244E97C8-FF17-3865-B26F-E4930C1516B5}.MinSizeRel|x64.Build.0 = MinSizeRel|x64
		{244E97C8-FF17-3865-B26F-E4930C1516B5}.MinSizeRel|x86.ActiveCfg = MinSizeRel|x64
		{244E97C8-FF17-3865-B26F-E4930C1516B5}.MinSizeRel|x86.Build.0 = MinSizeRel|x64
		{244E97C8-FF17-3865-B26F-E4930C1516B5}.Release|ARM64.ActiveCfg = Release|x64
		{244E97C8-FF17-3865-B26F-E4930C1516B5}.Release|ARM64.Build.0 = Release|x64
		{244E97C8-FF17-3865-B26F-E4930C1516B5}.Release|x64.ActiveCfg = Release|x64
		{244E97C8-FF17-3865-B26F-E4930C1516B5}.Release|x64.Build.0 = Release|x64
		{244E97C8-FF17-3865-B26F-E4930C1516B5}.Release|x86.ActiveCfg = Release|x64
		{244E97C8-FF17-3865-B26F-E4930C1516B5}.Release|x86.Build.0 = Release|x64
		{244E97C8-FF17-3865-B26F-E4930C1516B5}.RelWithDebInfo|ARM64.ActiveCfg = RelWithDebInfo|x64
		{244E97C8-FF17-3865-B26F-E4930C1516B5}.RelWithDebInfo|ARM64.Build.0 = RelWithDebInfo|x64
		{244E97C8-FF17-3865-B26F-E4930C1516B5}.RelWithDebInfo|x64.ActiveCfg = RelWithDebInfo|x64
		{244E97C8-FF17-3865-B26F-E4930C1516B5}.RelWithDebInfo|x64.Build.0 = RelWithDebInfo|x64
		{244E97C8-FF17-3865-B26F-E4930C1516B5}.RelWithDebInfo|x86.ActiveCfg = RelWithDebInfo|x64
		{244E97C8-FF17-3865-B26F-E4930C1516B5}.RelWithDebInfo|x86.Build.0 = RelWithDebInfo|x64
		{20009636-FFE8-3AFA-A0E4-006732FD3244}.Debug|ARM64.ActiveCfg = Debug|x64
		{20009636-FFE8-3AFA-A0E4-006732FD3244}.Debug|ARM64.Build.0 = Debug|x64
		{20009636-FFE8-3AFA-A0E4-006732FD3244}.Debug|x64.ActiveCfg = Debug|x64
		{20009636-FFE8-3AFA-A0E4-006732FD3244}.Debug|x64.Build.0 = Debug|x64
		{20009636-FFE8-3AFA-A0E4-006732FD3244}.Debug|x86.ActiveCfg = Debug|x64
		{20009636-FFE8-3AFA-A0E4-006732FD3244}.Debug|x86.Build.0 = Debug|x64
		{20009636-FFE8-3AFA-A0E4-006732FD3244}.MinSizeRel|ARM64.ActiveCfg = MinSizeRel|x64
		{20009636-FFE8-3AFA-A0E4-006732FD3244}.MinSizeRel|ARM64.Build.0 = MinSizeRel|x64
		{20009636-FFE8-3AFA-A0E4-006732FD3244}.MinSizeRel|x64.ActiveCfg = MinSizeRel|x64
		{20009636-FFE8-3AFA-A0E4-006732FD3244}.MinSizeRel|x64.Build.0 = MinSizeRel|x64
		{20009636-FFE8-3AFA-A0E4-006732FD3244}.MinSizeRel|x86.ActiveCfg = MinSizeRel|x64
		{20009636-FFE8-3AFA-A0E4-006732FD3244}.MinSizeRel|x86.Build.0 = MinSizeRel|x64
		{20009636-FFE8-3AFA-A0E4-006732FD3244}.Release|ARM64.ActiveCfg = Release|x64
		{20009636-FFE8-3AFA-A0E4-006732FD3244}.Release|ARM64.Build.0 = Release|x64
		{20009636-FFE8-3AFA-A0E4-006732FD3244}.Release|x64.ActiveCfg = Release|x64
		{20009636-FFE8-3AFA-A0E4-006732FD3244}.Release|x64.Build.0 = Release|x64
		{20009636-FFE8-3AFA-A0E4-006732FD3244}.Release|x86.ActiveCfg = Release|x64
		{20009636-FFE8-3AFA-A0E4-006732FD3244}.Release|x86.Build.0 = Release|x64
		{20009636-FFE8-3AFA-A0E4-006732FD3244}.RelWithDebInfo|ARM64.ActiveCfg = RelWithDebInfo|x64
		{20009636-FFE8-3AFA-A0E4-006732FD3244}.RelWithDebInfo|ARM64.Build.0 = RelWithDebInfo|x64
		{20009636-FFE8-3AFA-A0E4-006732FD3244}.RelWithDebInfo|x64.ActiveCfg = RelWithDebInfo|x64
		{20009636-FFE8-3AFA-A0E4-006732FD3244}.RelWithDebInfo|x64.Build.0 = RelWithDebInfo|x64
		{20009636-FFE8-3AFA-A0E4-006732FD3244}.RelWithDebInfo|x86.ActiveCfg = RelWithDebInfo|x64
		{20009636-FFE8-3AFA-A0E4-006732FD3244}.RelWithDebInfo|x86.Build.0 = RelWithDebInfo|x64
	EndGlobalSection
	GlobalSection(SolutionProperties) = preSolution
		HideSolutionNode = FALSE
	EndGlobalSection
	GlobalSection(ExtensibilityGlobals) = postSolution
		SolutionGuid = {7D145F93-1159-45E1-81F9-13C85ADB80AC}
	EndGlobalSection
EndGlobal
